// !$*UTF8*$!
{
	archiveVersion = 1;
	classes = {
	};
	objectVersion = 56;
	objects = {

/* Begin PBXBuildFile section */
		D89EBA012945D8D800F63DBC /* SnapCarouselItem.swift in Sources */ = {isa = PBXBuildFile; fileRef = D89EBA002945D8D800F63DBC /* SnapCarouselItem.swift */; };
		D8DE82BD29407C9400608129 /* HotSalesBlockView.swift in Sources */ = {isa = PBXBuildFile; fileRef = D8DE82BC29407C9400608129 /* HotSalesBlockView.swift */; };
		D8DE82C12940BA2E00608129 /* BestSellerBlockView.swift in Sources */ = {isa = PBXBuildFile; fileRef = D8DE82C02940BA2E00608129 /* BestSellerBlockView.swift */; };
		D8DE82C32940C0AF00608129 /* BestSellerView.swift in Sources */ = {isa = PBXBuildFile; fileRef = D8DE82C22940C0AF00608129 /* BestSellerView.swift */; };
		D8DE82C52940CE3C00608129 /* BottomBarView.swift in Sources */ = {isa = PBXBuildFile; fileRef = D8DE82C42940CE3C00608129 /* BottomBarView.swift */; };
		D8DE82C72940D5F200608129 /* CustomHalfSheetView.swift in Sources */ = {isa = PBXBuildFile; fileRef = D8DE82C62940D5F200608129 /* CustomHalfSheetView.swift */; };
		D8DE82C92940D87300608129 /* FilterView.swift in Sources */ = {isa = PBXBuildFile; fileRef = D8DE82C82940D87300608129 /* FilterView.swift */; };
		D8DE82CB2940DACA00608129 /* CustomDisclosureGroup.swift in Sources */ = {isa = PBXBuildFile; fileRef = D8DE82CA2940DACA00608129 /* CustomDisclosureGroup.swift */; };
		D8DE82CD2940E00700608129 /* FilterMenuView.swift in Sources */ = {isa = PBXBuildFile; fileRef = D8DE82CC2940E00700608129 /* FilterMenuView.swift */; };
		D8DE82D52941F73B00608129 /* RangeSliderView.swift in Sources */ = {isa = PBXBuildFile; fileRef = D8DE82D42941F73B00608129 /* RangeSliderView.swift */; };
		D8DE82D72942024100608129 /* PriceViewModel.swift in Sources */ = {isa = PBXBuildFile; fileRef = D8DE82D62942024100608129 /* PriceViewModel.swift */; };
		D8DE82D929422D4C00608129 /* Brand.swift in Sources */ = {isa = PBXBuildFile; fileRef = D8DE82D829422D4C00608129 /* Brand.swift */; };
		D8DE82DB2942309500608129 /* BrandViewModel.swift in Sources */ = {isa = PBXBuildFile; fileRef = D8DE82DA2942309500608129 /* BrandViewModel.swift */; };
		D8DE82DD2942342500608129 /* ProductDetailsView.swift in Sources */ = {isa = PBXBuildFile; fileRef = D8DE82DC2942342500608129 /* ProductDetailsView.swift */; };
		D8DE82DF2942355D00608129 /* ProductDetails.swift in Sources */ = {isa = PBXBuildFile; fileRef = D8DE82DE2942355D00608129 /* ProductDetails.swift */; };
		D8DE82E1294235B100608129 /* ProductDetailsViewModel.swift in Sources */ = {isa = PBXBuildFile; fileRef = D8DE82E0294235B100608129 /* ProductDetailsViewModel.swift */; };
		D8DE82EB29431E4400608129 /* SnapCarousel.swift in Sources */ = {isa = PBXBuildFile; fileRef = D8DE82EA29431E4400608129 /* SnapCarousel.swift */; };
		D8DE82ED29432DA400608129 /* UIStateViewModel.swift in Sources */ = {isa = PBXBuildFile; fileRef = D8DE82EC29432DA400608129 /* UIStateViewModel.swift */; };
		D8DE82EF29432DC200608129 /* Carousel.swift in Sources */ = {isa = PBXBuildFile; fileRef = D8DE82EE29432DC200608129 /* Carousel.swift */; };
		D8DE82F129432E0700608129 /* Canvas.swift in Sources */ = {isa = PBXBuildFile; fileRef = D8DE82F029432E0700608129 /* Canvas.swift */; };
		D8DE82F329432E2300608129 /* Item.swift in Sources */ = {isa = PBXBuildFile; fileRef = D8DE82F229432E2300608129 /* Item.swift */; };
		D8F1183E29437E7200C9033C /* MyCartView.swift in Sources */ = {isa = PBXBuildFile; fileRef = D8F1183D29437E7200C9033C /* MyCartView.swift */; };
		D8F118422943829600C9033C /* PickerButton.swift in Sources */ = {isa = PBXBuildFile; fileRef = D8F118412943829600C9033C /* PickerButton.swift */; };
		D8F693C0293F5AD70025FEE6 /* EcommerceConceptApp.swift in Sources */ = {isa = PBXBuildFile; fileRef = D8F693BF293F5AD70025FEE6 /* EcommerceConceptApp.swift */; };
		D8F693C2293F5AD70025FEE6 /* ContentView.swift in Sources */ = {isa = PBXBuildFile; fileRef = D8F693C1293F5AD70025FEE6 /* ContentView.swift */; };
		D8F693C4293F5ADB0025FEE6 /* Assets.xcassets in Resources */ = {isa = PBXBuildFile; fileRef = D8F693C3293F5ADB0025FEE6 /* Assets.xcassets */; };
		D8F693C7293F5ADB0025FEE6 /* Preview Assets.xcassets in Resources */ = {isa = PBXBuildFile; fileRef = D8F693C6293F5ADB0025FEE6 /* Preview Assets.xcassets */; };
		D8F693D2293F5C920025FEE6 /* LaunchScreen.swift in Sources */ = {isa = PBXBuildFile; fileRef = D8F693D1293F5C920025FEE6 /* LaunchScreen.swift */; };
		D8F693D4293F5DA30025FEE6 /* Mark Pro Medium.ttf in Resources */ = {isa = PBXBuildFile; fileRef = D8F693D3293F5DA30025FEE6 /* Mark Pro Medium.ttf */; };
		D8F693D6293F5DAC0025FEE6 /* Mark Pro Heavy.ttf in Resources */ = {isa = PBXBuildFile; fileRef = D8F693D5293F5DAC0025FEE6 /* Mark Pro Heavy.ttf */; };
		D8F693D8293F5DB60025FEE6 /* Mark Pro.ttf in Resources */ = {isa = PBXBuildFile; fileRef = D8F693D7293F5DB60025FEE6 /* Mark Pro.ttf */; };
		D8F693DA293F5DC00025FEE6 /* Mark Pro Bold.ttf in Resources */ = {isa = PBXBuildFile; fileRef = D8F693D9293F5DC00025FEE6 /* Mark Pro Bold.ttf */; };
		D8F693DE293F675F0025FEE6 /* MainScreenView.swift in Sources */ = {isa = PBXBuildFile; fileRef = D8F693DD293F675F0025FEE6 /* MainScreenView.swift */; };
		D8F693E2293F700D0025FEE6 /* ImageExtension.swift in Sources */ = {isa = PBXBuildFile; fileRef = D8F693E1293F700D0025FEE6 /* ImageExtension.swift */; };
		D8F693E4293F77E80025FEE6 /* CategoryView.swift in Sources */ = {isa = PBXBuildFile; fileRef = D8F693E3293F77E80025FEE6 /* CategoryView.swift */; };
		D8F693E6293F87AC0025FEE6 /* Category.swift in Sources */ = {isa = PBXBuildFile; fileRef = D8F693E5293F87AC0025FEE6 /* Category.swift */; };
		D8F693E8293F88300025FEE6 /* CategoryViewModel.swift in Sources */ = {isa = PBXBuildFile; fileRef = D8F693E7293F88300025FEE6 /* CategoryViewModel.swift */; };
		D8F693EA293F8BCE0025FEE6 /* SearchBarView.swift in Sources */ = {isa = PBXBuildFile; fileRef = D8F693E9293F8BCE0025FEE6 /* SearchBarView.swift */; };
		D8F693EE294070460025FEE6 /* CarouselView.swift in Sources */ = {isa = PBXBuildFile; fileRef = D8F693ED294070460025FEE6 /* CarouselView.swift */; };
		D8F693F42940737A0025FEE6 /* Product.swift in Sources */ = {isa = PBXBuildFile; fileRef = D8F693F32940737A0025FEE6 /* Product.swift */; };
		D8F693F6294074630025FEE6 /* ProductViewModel.swift in Sources */ = {isa = PBXBuildFile; fileRef = D8F693F5294074630025FEE6 /* ProductViewModel.swift */; };
		D8F693F8294075130025FEE6 /* URL.swift in Sources */ = {isa = PBXBuildFile; fileRef = D8F693F7294075130025FEE6 /* URL.swift */; };
		D8FAC8F82944AFFF00471A32 /* Cart.swift in Sources */ = {isa = PBXBuildFile; fileRef = D8FAC8F72944AFFF00471A32 /* Cart.swift */; };
		D8FAC8FA2944B08600471A32 /* CartViewModel.swift in Sources */ = {isa = PBXBuildFile; fileRef = D8FAC8F92944B08600471A32 /* CartViewModel.swift */; };
		D8FAC8FC2945A68600471A32 /* Network.swift in Sources */ = {isa = PBXBuildFile; fileRef = D8FAC8FB2945A68600471A32 /* Network.swift */; };
		D8FAC8FE2945AE2D00471A32 /* ProductService.swift in Sources */ = {isa = PBXBuildFile; fileRef = D8FAC8FD2945AE2D00471A32 /* ProductService.swift */; };
		D8FAC9002945AF5700471A32 /* Endpoint.swift in Sources */ = {isa = PBXBuildFile; fileRef = D8FAC8FF2945AF5700471A32 /* Endpoint.swift */; };
		D8FAC9042945B7A000471A32 /* NetworkError.swift in Sources */ = {isa = PBXBuildFile; fileRef = D8FAC9032945B7A000471A32 /* NetworkError.swift */; };
		D8FAC9082945C76A00471A32 /* DataState.swift in Sources */ = {isa = PBXBuildFile; fileRef = D8FAC9072945C76A00471A32 /* DataState.swift */; };
		D8FAC90A2945D09000471A32 /* ProductDetailsService.swift in Sources */ = {isa = PBXBuildFile; fileRef = D8FAC9092945D09000471A32 /* ProductDetailsService.swift */; };
/* End PBXBuildFile section */

/* Begin PBXFileReference section */
		D89EBA002945D8D800F63DBC /* SnapCarouselItem.swift */ = {isa = PBXFileReference; lastKnownFileType = sourcecode.swift; path = SnapCarouselItem.swift; sourceTree = "<group>"; };
		D8DE82BC29407C9400608129 /* HotSalesBlockView.swift */ = {isa = PBXFileReference; lastKnownFileType = sourcecode.swift; path = HotSalesBlockView.swift; sourceTree = "<group>"; };
		D8DE82C02940BA2E00608129 /* BestSellerBlockView.swift */ = {isa = PBXFileReference; lastKnownFileType = sourcecode.swift; path = BestSellerBlockView.swift; sourceTree = "<group>"; };
		D8DE82C22940C0AF00608129 /* BestSellerView.swift */ = {isa = PBXFileReference; lastKnownFileType = sourcecode.swift; path = BestSellerView.swift; sourceTree = "<group>"; };
		D8DE82C42940CE3C00608129 /* BottomBarView.swift */ = {isa = PBXFileReference; lastKnownFileType = sourcecode.swift; path = BottomBarView.swift; sourceTree = "<group>"; };
		D8DE82C62940D5F200608129 /* CustomHalfSheetView.swift */ = {isa = PBXFileReference; lastKnownFileType = sourcecode.swift; path = CustomHalfSheetView.swift; sourceTree = "<group>"; };
		D8DE82C82940D87300608129 /* FilterView.swift */ = {isa = PBXFileReference; lastKnownFileType = sourcecode.swift; path = FilterView.swift; sourceTree = "<group>"; };
		D8DE82CA2940DACA00608129 /* CustomDisclosureGroup.swift */ = {isa = PBXFileReference; lastKnownFileType = sourcecode.swift; path = CustomDisclosureGroup.swift; sourceTree = "<group>"; };
		D8DE82CC2940E00700608129 /* FilterMenuView.swift */ = {isa = PBXFileReference; lastKnownFileType = sourcecode.swift; path = FilterMenuView.swift; sourceTree = "<group>"; };
		D8DE82D42941F73B00608129 /* RangeSliderView.swift */ = {isa = PBXFileReference; lastKnownFileType = sourcecode.swift; path = RangeSliderView.swift; sourceTree = "<group>"; };
		D8DE82D62942024100608129 /* PriceViewModel.swift */ = {isa = PBXFileReference; lastKnownFileType = sourcecode.swift; path = PriceViewModel.swift; sourceTree = "<group>"; };
		D8DE82D829422D4C00608129 /* Brand.swift */ = {isa = PBXFileReference; lastKnownFileType = sourcecode.swift; path = Brand.swift; sourceTree = "<group>"; };
		D8DE82DA2942309500608129 /* BrandViewModel.swift */ = {isa = PBXFileReference; lastKnownFileType = sourcecode.swift; path = BrandViewModel.swift; sourceTree = "<group>"; };
		D8DE82DC2942342500608129 /* ProductDetailsView.swift */ = {isa = PBXFileReference; lastKnownFileType = sourcecode.swift; path = ProductDetailsView.swift; sourceTree = "<group>"; };
		D8DE82DE2942355D00608129 /* ProductDetails.swift */ = {isa = PBXFileReference; lastKnownFileType = sourcecode.swift; path = ProductDetails.swift; sourceTree = "<group>"; };
		D8DE82E0294235B100608129 /* ProductDetailsViewModel.swift */ = {isa = PBXFileReference; lastKnownFileType = sourcecode.swift; path = ProductDetailsViewModel.swift; sourceTree = "<group>"; };
		D8DE82EA29431E4400608129 /* SnapCarousel.swift */ = {isa = PBXFileReference; lastKnownFileType = sourcecode.swift; path = SnapCarousel.swift; sourceTree = "<group>"; };
		D8DE82EC29432DA400608129 /* UIStateViewModel.swift */ = {isa = PBXFileReference; lastKnownFileType = sourcecode.swift; path = UIStateViewModel.swift; sourceTree = "<group>"; };
		D8DE82EE29432DC200608129 /* Carousel.swift */ = {isa = PBXFileReference; lastKnownFileType = sourcecode.swift; path = Carousel.swift; sourceTree = "<group>"; };
		D8DE82F029432E0700608129 /* Canvas.swift */ = {isa = PBXFileReference; lastKnownFileType = sourcecode.swift; path = Canvas.swift; sourceTree = "<group>"; };
		D8DE82F229432E2300608129 /* Item.swift */ = {isa = PBXFileReference; lastKnownFileType = sourcecode.swift; path = Item.swift; sourceTree = "<group>"; };
		D8F1183D29437E7200C9033C /* MyCartView.swift */ = {isa = PBXFileReference; lastKnownFileType = sourcecode.swift; path = MyCartView.swift; sourceTree = "<group>"; };
		D8F118412943829600C9033C /* PickerButton.swift */ = {isa = PBXFileReference; lastKnownFileType = sourcecode.swift; path = PickerButton.swift; sourceTree = "<group>"; };
		D8F693BC293F5AD70025FEE6 /* EcommerceConcept.app */ = {isa = PBXFileReference; explicitFileType = wrapper.application; includeInIndex = 0; path = EcommerceConcept.app; sourceTree = BUILT_PRODUCTS_DIR; };
		D8F693BF293F5AD70025FEE6 /* EcommerceConceptApp.swift */ = {isa = PBXFileReference; lastKnownFileType = sourcecode.swift; path = EcommerceConceptApp.swift; sourceTree = "<group>"; };
		D8F693C1293F5AD70025FEE6 /* ContentView.swift */ = {isa = PBXFileReference; lastKnownFileType = sourcecode.swift; path = ContentView.swift; sourceTree = "<group>"; };
		D8F693C3293F5ADB0025FEE6 /* Assets.xcassets */ = {isa = PBXFileReference; lastKnownFileType = folder.assetcatalog; path = Assets.xcassets; sourceTree = "<group>"; };
		D8F693C6293F5ADB0025FEE6 /* Preview Assets.xcassets */ = {isa = PBXFileReference; lastKnownFileType = folder.assetcatalog; path = "Preview Assets.xcassets"; sourceTree = "<group>"; };
		D8F693D0293F5BAC0025FEE6 /* Info.plist */ = {isa = PBXFileReference; lastKnownFileType = text.plist; path = Info.plist; sourceTree = "<group>"; };
		D8F693D1293F5C920025FEE6 /* LaunchScreen.swift */ = {isa = PBXFileReference; lastKnownFileType = sourcecode.swift; path = LaunchScreen.swift; sourceTree = "<group>"; };
		D8F693D3293F5DA30025FEE6 /* Mark Pro Medium.ttf */ = {isa = PBXFileReference; lastKnownFileType = file; path = "Mark Pro Medium.ttf"; sourceTree = "<group>"; };
		D8F693D5293F5DAC0025FEE6 /* Mark Pro Heavy.ttf */ = {isa = PBXFileReference; lastKnownFileType = file; path = "Mark Pro Heavy.ttf"; sourceTree = "<group>"; };
		D8F693D7293F5DB60025FEE6 /* Mark Pro.ttf */ = {isa = PBXFileReference; lastKnownFileType = file; path = "Mark Pro.ttf"; sourceTree = "<group>"; };
		D8F693D9293F5DC00025FEE6 /* Mark Pro Bold.ttf */ = {isa = PBXFileReference; lastKnownFileType = file; path = "Mark Pro Bold.ttf"; sourceTree = "<group>"; };
		D8F693DD293F675F0025FEE6 /* MainScreenView.swift */ = {isa = PBXFileReference; lastKnownFileType = sourcecode.swift; path = MainScreenView.swift; sourceTree = "<group>"; };
		D8F693E1293F700D0025FEE6 /* ImageExtension.swift */ = {isa = PBXFileReference; lastKnownFileType = sourcecode.swift; path = ImageExtension.swift; sourceTree = "<group>"; };
		D8F693E3293F77E80025FEE6 /* CategoryView.swift */ = {isa = PBXFileReference; lastKnownFileType = sourcecode.swift; path = CategoryView.swift; sourceTree = "<group>"; };
		D8F693E5293F87AC0025FEE6 /* Category.swift */ = {isa = PBXFileReference; lastKnownFileType = sourcecode.swift; path = Category.swift; sourceTree = "<group>"; };
		D8F693E7293F88300025FEE6 /* CategoryViewModel.swift */ = {isa = PBXFileReference; lastKnownFileType = sourcecode.swift; path = CategoryViewModel.swift; sourceTree = "<group>"; };
		D8F693E9293F8BCE0025FEE6 /* SearchBarView.swift */ = {isa = PBXFileReference; lastKnownFileType = sourcecode.swift; path = SearchBarView.swift; sourceTree = "<group>"; };
		D8F693ED294070460025FEE6 /* CarouselView.swift */ = {isa = PBXFileReference; lastKnownFileType = sourcecode.swift; path = CarouselView.swift; sourceTree = "<group>"; };
		D8F693F32940737A0025FEE6 /* Product.swift */ = {isa = PBXFileReference; lastKnownFileType = sourcecode.swift; path = Product.swift; sourceTree = "<group>"; };
		D8F693F5294074630025FEE6 /* ProductViewModel.swift */ = {isa = PBXFileReference; lastKnownFileType = sourcecode.swift; path = ProductViewModel.swift; sourceTree = "<group>"; };
		D8F693F7294075130025FEE6 /* URL.swift */ = {isa = PBXFileReference; lastKnownFileType = sourcecode.swift; path = URL.swift; sourceTree = "<group>"; };
		D8FAC8F72944AFFF00471A32 /* Cart.swift */ = {isa = PBXFileReference; lastKnownFileType = sourcecode.swift; path = Cart.swift; sourceTree = "<group>"; };
		D8FAC8F92944B08600471A32 /* CartViewModel.swift */ = {isa = PBXFileReference; lastKnownFileType = sourcecode.swift; path = CartViewModel.swift; sourceTree = "<group>"; };
		D8FAC8FB2945A68600471A32 /* Network.swift */ = {isa = PBXFileReference; lastKnownFileType = sourcecode.swift; path = Network.swift; sourceTree = "<group>"; };
		D8FAC8FD2945AE2D00471A32 /* ProductService.swift */ = {isa = PBXFileReference; lastKnownFileType = sourcecode.swift; path = ProductService.swift; sourceTree = "<group>"; };
		D8FAC8FF2945AF5700471A32 /* Endpoint.swift */ = {isa = PBXFileReference; lastKnownFileType = sourcecode.swift; path = Endpoint.swift; sourceTree = "<group>"; };
		D8FAC9032945B7A000471A32 /* NetworkError.swift */ = {isa = PBXFileReference; lastKnownFileType = sourcecode.swift; path = NetworkError.swift; sourceTree = "<group>"; };
		D8FAC9072945C76A00471A32 /* DataState.swift */ = {isa = PBXFileReference; lastKnownFileType = sourcecode.swift; path = DataState.swift; sourceTree = "<group>"; };
		D8FAC9092945D09000471A32 /* ProductDetailsService.swift */ = {isa = PBXFileReference; lastKnownFileType = sourcecode.swift; path = ProductDetailsService.swift; sourceTree = "<group>"; };
/* End PBXFileReference section */

/* Begin PBXFrameworksBuildPhase section */
		D8F693B9293F5AD70025FEE6 /* Frameworks */ = {
			isa = PBXFrameworksBuildPhase;
			buildActionMask = 2147483647;
			files = (
			);
			runOnlyForDeploymentPostprocessing = 0;
		};
/* End PBXFrameworksBuildPhase section */

/* Begin PBXGroup section */
		D8F1183C29437D2200C9033C /* CustomViews */ = {
			isa = PBXGroup;
			children = (
				D8DE82C62940D5F200608129 /* CustomHalfSheetView.swift */,
				D8DE82CA2940DACA00608129 /* CustomDisclosureGroup.swift */,
				D8DE82EA29431E4400608129 /* SnapCarousel.swift */,
				D89EBA002945D8D800F63DBC /* SnapCarouselItem.swift */,
				D8DE82EC29432DA400608129 /* UIStateViewModel.swift */,
				D8DE82EE29432DC200608129 /* Carousel.swift */,
				D8DE82F029432E0700608129 /* Canvas.swift */,
				D8DE82F229432E2300608129 /* Item.swift */,
			);
			path = CustomViews;
			sourceTree = "<group>";
		};
		D8F693B3293F5AD70025FEE6 = {
			isa = PBXGroup;
			children = (
				D8F693BE293F5AD70025FEE6 /* EcommerceConcept */,
				D8F693BD293F5AD70025FEE6 /* Products */,
			);
			sourceTree = "<group>";
		};
		D8F693BD293F5AD70025FEE6 /* Products */ = {
			isa = PBXGroup;
			children = (
				D8F693BC293F5AD70025FEE6 /* EcommerceConcept.app */,
			);
			name = Products;
			sourceTree = "<group>";
		};
		D8F693BE293F5AD70025FEE6 /* EcommerceConcept */ = {
			isa = PBXGroup;
			children = (
				D8F693D0293F5BAC0025FEE6 /* Info.plist */,
				D8F693BF293F5AD70025FEE6 /* EcommerceConceptApp.swift */,
				D8F693EF294073330025FEE6 /* View */,
				D8F693F02940733B0025FEE6 /* Model */,
				D8F693F1294073490025FEE6 /* ViewModel */,
				D8F693F2294073500025FEE6 /* Extensions */,
				D8F693CF293F5B7C0025FEE6 /* Fonts */,
				D8F693C3293F5ADB0025FEE6 /* Assets.xcassets */,
				D8F693C5293F5ADB0025FEE6 /* Preview Content */,
			);
			path = EcommerceConcept;
			sourceTree = "<group>";
		};
		D8F693C5293F5ADB0025FEE6 /* Preview Content */ = {
			isa = PBXGroup;
			children = (
				D8F693C6293F5ADB0025FEE6 /* Preview Assets.xcassets */,
			);
			path = "Preview Content";
			sourceTree = "<group>";
		};
		D8F693CF293F5B7C0025FEE6 /* Fonts */ = {
			isa = PBXGroup;
			children = (
				D8F693D9293F5DC00025FEE6 /* Mark Pro Bold.ttf */,
				D8F693D7293F5DB60025FEE6 /* Mark Pro.ttf */,
				D8F693D5293F5DAC0025FEE6 /* Mark Pro Heavy.ttf */,
				D8F693D3293F5DA30025FEE6 /* Mark Pro Medium.ttf */,
			);
			path = Fonts;
			sourceTree = "<group>";
		};
		D8F693EF294073330025FEE6 /* View */ = {
			isa = PBXGroup;
			children = (
				D8F693D1293F5C920025FEE6 /* LaunchScreen.swift */,
				D8F693C1293F5AD70025FEE6 /* ContentView.swift */,
				D8F693DD293F675F0025FEE6 /* MainScreenView.swift */,
				D8F693E3293F77E80025FEE6 /* CategoryView.swift */,
				D8F693E9293F8BCE0025FEE6 /* SearchBarView.swift */,
				D8F693ED294070460025FEE6 /* CarouselView.swift */,
				D8DE82BC29407C9400608129 /* HotSalesBlockView.swift */,
				D8DE82C22940C0AF00608129 /* BestSellerView.swift */,
				D8DE82C02940BA2E00608129 /* BestSellerBlockView.swift */,
				D8DE82C42940CE3C00608129 /* BottomBarView.swift */,
				D8DE82C82940D87300608129 /* FilterView.swift */,
				D8DE82CC2940E00700608129 /* FilterMenuView.swift */,
				D8DE82D42941F73B00608129 /* RangeSliderView.swift */,
				D8DE82DC2942342500608129 /* ProductDetailsView.swift */,
				D8F1183D29437E7200C9033C /* MyCartView.swift */,
				D8F118412943829600C9033C /* PickerButton.swift */,
				D8F1183C29437D2200C9033C /* CustomViews */,
			);
			path = View;
			sourceTree = "<group>";
		};
		D8F693F02940733B0025FEE6 /* Model */ = {
			isa = PBXGroup;
			children = (
				D8F693E5293F87AC0025FEE6 /* Category.swift */,
				D8F693F32940737A0025FEE6 /* Product.swift */,
				D8DE82D829422D4C00608129 /* Brand.swift */,
				D8DE82DE2942355D00608129 /* ProductDetails.swift */,
				D8FAC8F72944AFFF00471A32 /* Cart.swift */,
				D8FAC8FF2945AF5700471A32 /* Endpoint.swift */,
			);
			path = Model;
			sourceTree = "<group>";
		};
		D8F693F1294073490025FEE6 /* ViewModel */ = {
			isa = PBXGroup;
			children = (
				D8FAC8FB2945A68600471A32 /* Network.swift */,
				D8FAC9032945B7A000471A32 /* NetworkError.swift */,
				D8FAC9072945C76A00471A32 /* DataState.swift */,
				D8F693F5294074630025FEE6 /* ProductViewModel.swift */,
				D8FAC8FD2945AE2D00471A32 /* ProductService.swift */,
				D8DE82E0294235B100608129 /* ProductDetailsViewModel.swift */,
				D8FAC9092945D09000471A32 /* ProductDetailsService.swift */,
				D8F693E7293F88300025FEE6 /* CategoryViewModel.swift */,
				D8DE82D62942024100608129 /* PriceViewModel.swift */,
				D8DE82DA2942309500608129 /* BrandViewModel.swift */,
				D8FAC8F92944B08600471A32 /* CartViewModel.swift */,
			);
			path = ViewModel;
			sourceTree = "<group>";
		};
		D8F693F2294073500025FEE6 /* Extensions */ = {
			isa = PBXGroup;
			children = (
				D8F693E1293F700D0025FEE6 /* ImageExtension.swift */,
				D8F693F7294075130025FEE6 /* URL.swift */,
			);
			path = Extensions;
			sourceTree = "<group>";
		};
/* End PBXGroup section */

/* Begin PBXNativeTarget section */
		D8F693BB293F5AD70025FEE6 /* EcommerceConcept */ = {
			isa = PBXNativeTarget;
			buildConfigurationList = D8F693CA293F5ADB0025FEE6 /* Build configuration list for PBXNativeTarget "EcommerceConcept" */;
			buildPhases = (
				D8F693B8293F5AD70025FEE6 /* Sources */,
				D8F693B9293F5AD70025FEE6 /* Frameworks */,
				D8F693BA293F5AD70025FEE6 /* Resources */,
			);
			buildRules = (
			);
			dependencies = (
			);
			name = EcommerceConcept;
			productName = EcommerceConcept;
			productReference = D8F693BC293F5AD70025FEE6 /* EcommerceConcept.app */;
			productType = "com.apple.product-type.application";
		};
/* End PBXNativeTarget section */

/* Begin PBXProject section */
		D8F693B4293F5AD70025FEE6 /* Project object */ = {
			isa = PBXProject;
			attributes = {
				BuildIndependentTargetsInParallel = 1;
				LastSwiftUpdateCheck = 1400;
				LastUpgradeCheck = 1400;
				TargetAttributes = {
					D8F693BB293F5AD70025FEE6 = {
						CreatedOnToolsVersion = 14.0.1;
					};
				};
			};
			buildConfigurationList = D8F693B7293F5AD70025FEE6 /* Build configuration list for PBXProject "EcommerceConcept" */;
			compatibilityVersion = "Xcode 14.0";
			developmentRegion = en;
			hasScannedForEncodings = 0;
			knownRegions = (
				en,
				Base,
			);
			mainGroup = D8F693B3293F5AD70025FEE6;
			productRefGroup = D8F693BD293F5AD70025FEE6 /* Products */;
			projectDirPath = "";
			projectRoot = "";
			targets = (
				D8F693BB293F5AD70025FEE6 /* EcommerceConcept */,
			);
		};
/* End PBXProject section */

/* Begin PBXResourcesBuildPhase section */
		D8F693BA293F5AD70025FEE6 /* Resources */ = {
			isa = PBXResourcesBuildPhase;
			buildActionMask = 2147483647;
			files = (
				D8F693DA293F5DC00025FEE6 /* Mark Pro Bold.ttf in Resources */,
				D8F693D8293F5DB60025FEE6 /* Mark Pro.ttf in Resources */,
				D8F693C7293F5ADB0025FEE6 /* Preview Assets.xcassets in Resources */,
				D8F693D4293F5DA30025FEE6 /* Mark Pro Medium.ttf in Resources */,
				D8F693C4293F5ADB0025FEE6 /* Assets.xcassets in Resources */,
				D8F693D6293F5DAC0025FEE6 /* Mark Pro Heavy.ttf in Resources */,
			);
			runOnlyForDeploymentPostprocessing = 0;
		};
/* End PBXResourcesBuildPhase section */

/* Begin PBXSourcesBuildPhase section */
		D8F693B8293F5AD70025FEE6 /* Sources */ = {
			isa = PBXSourcesBuildPhase;
			buildActionMask = 2147483647;
			files = (
				D8F693EE294070460025FEE6 /* CarouselView.swift in Sources */,
				D8DE82F129432E0700608129 /* Canvas.swift in Sources */,
				D8F693C2293F5AD70025FEE6 /* ContentView.swift in Sources */,
				D8F693F6294074630025FEE6 /* ProductViewModel.swift in Sources */,
				D8F693EA293F8BCE0025FEE6 /* SearchBarView.swift in Sources */,
				D8F693E4293F77E80025FEE6 /* CategoryView.swift in Sources */,
				D8DE82C32940C0AF00608129 /* BestSellerView.swift in Sources */,
				D8DE82DF2942355D00608129 /* ProductDetails.swift in Sources */,
				D8F693F8294075130025FEE6 /* URL.swift in Sources */,
				D8FAC8FE2945AE2D00471A32 /* ProductService.swift in Sources */,
				D8DE82CD2940E00700608129 /* FilterMenuView.swift in Sources */,
				D8FAC9082945C76A00471A32 /* DataState.swift in Sources */,
				D89EBA012945D8D800F63DBC /* SnapCarouselItem.swift in Sources */,
				D8DE82DD2942342500608129 /* ProductDetailsView.swift in Sources */,
				D8DE82D52941F73B00608129 /* RangeSliderView.swift in Sources */,
				D8DE82C92940D87300608129 /* FilterView.swift in Sources */,
				D8F693E2293F700D0025FEE6 /* ImageExtension.swift in Sources */,
				D8F118422943829600C9033C /* PickerButton.swift in Sources */,
				D8DE82E1294235B100608129 /* ProductDetailsViewModel.swift in Sources */,
				D8FAC8FC2945A68600471A32 /* Network.swift in Sources */,
				D8DE82CB2940DACA00608129 /* CustomDisclosureGroup.swift in Sources */,
				D8DE82EB29431E4400608129 /* SnapCarousel.swift in Sources */,
				D8FAC90A2945D09000471A32 /* ProductDetailsService.swift in Sources */,
				D8DE82EF29432DC200608129 /* Carousel.swift in Sources */,
				D8DE82C52940CE3C00608129 /* BottomBarView.swift in Sources */,
				D8DE82C72940D5F200608129 /* CustomHalfSheetView.swift in Sources */,
				D8FAC8FA2944B08600471A32 /* CartViewModel.swift in Sources */,
				D8F693F42940737A0025FEE6 /* Product.swift in Sources */,
				D8FAC9002945AF5700471A32 /* Endpoint.swift in Sources */,
				D8F693C0293F5AD70025FEE6 /* EcommerceConceptApp.swift in Sources */,
				D8F693E8293F88300025FEE6 /* CategoryViewModel.swift in Sources */,
				D8DE82F329432E2300608129 /* Item.swift in Sources */,
				D8DE82D929422D4C00608129 /* Brand.swift in Sources */,
				D8FAC9042945B7A000471A32 /* NetworkError.swift in Sources */,
				D8F1183E29437E7200C9033C /* MyCartView.swift in Sources */,
				D8F693D2293F5C920025FEE6 /* LaunchScreen.swift in Sources */,
				D8DE82BD29407C9400608129 /* HotSalesBlockView.swift in Sources */,
				D8F693DE293F675F0025FEE6 /* MainScreenView.swift in Sources */,
				D8DE82DB2942309500608129 /* BrandViewModel.swift in Sources */,
				D8DE82ED29432DA400608129 /* UIStateViewModel.swift in Sources */,
				D8F693E6293F87AC0025FEE6 /* Category.swift in Sources */,
				D8DE82D72942024100608129 /* PriceViewModel.swift in Sources */,
				D8DE82C12940BA2E00608129 /* BestSellerBlockView.swift in Sources */,
				D8FAC8F82944AFFF00471A32 /* Cart.swift in Sources */,
			);
			runOnlyForDeploymentPostprocessing = 0;
		};
/* End PBXSourcesBuildPhase section */

/* Begin XCBuildConfiguration section */
		D8F693C8293F5ADB0025FEE6 /* Debug */ = {
			isa = XCBuildConfiguration;
			buildSettings = {
				ALWAYS_SEARCH_USER_PATHS = NO;
				CLANG_ANALYZER_NONNULL = YES;
				CLANG_ANALYZER_NUMBER_OBJECT_CONVERSION = YES_AGGRESSIVE;
				CLANG_CXX_LANGUAGE_STANDARD = "gnu++20";
				CLANG_ENABLE_MODULES = YES;
				CLANG_ENABLE_OBJC_ARC = YES;
				CLANG_ENABLE_OBJC_WEAK = YES;
				CLANG_WARN_BLOCK_CAPTURE_AUTORELEASING = YES;
				CLANG_WARN_BOOL_CONVERSION = YES;
				CLANG_WARN_COMMA = YES;
				CLANG_WARN_CONSTANT_CONVERSION = YES;
				CLANG_WARN_DEPRECATED_OBJC_IMPLEMENTATIONS = YES;
				CLANG_WARN_DIRECT_OBJC_ISA_USAGE = YES_ERROR;
				CLANG_WARN_DOCUMENTATION_COMMENTS = YES;
				CLANG_WARN_EMPTY_BODY = YES;
				CLANG_WARN_ENUM_CONVERSION = YES;
				CLANG_WARN_INFINITE_RECURSION = YES;
				CLANG_WARN_INT_CONVERSION = YES;
				CLANG_WARN_NON_LITERAL_NULL_CONVERSION = YES;
				CLANG_WARN_OBJC_IMPLICIT_RETAIN_SELF = YES;
				CLANG_WARN_OBJC_LITERAL_CONVERSION = YES;
				CLANG_WARN_OBJC_ROOT_CLASS = YES_ERROR;
				CLANG_WARN_QUOTED_INCLUDE_IN_FRAMEWORK_HEADER = YES;
				CLANG_WARN_RANGE_LOOP_ANALYSIS = YES;
				CLANG_WARN_STRICT_PROTOTYPES = YES;
				CLANG_WARN_SUSPICIOUS_MOVE = YES;
				CLANG_WARN_UNGUARDED_AVAILABILITY = YES_AGGRESSIVE;
				CLANG_WARN_UNREACHABLE_CODE = YES;
				CLANG_WARN__DUPLICATE_METHOD_MATCH = YES;
				COPY_PHASE_STRIP = NO;
				DEBUG_INFORMATION_FORMAT = dwarf;
				ENABLE_STRICT_OBJC_MSGSEND = YES;
				ENABLE_TESTABILITY = YES;
				GCC_C_LANGUAGE_STANDARD = gnu11;
				GCC_DYNAMIC_NO_PIC = NO;
				GCC_NO_COMMON_BLOCKS = YES;
				GCC_OPTIMIZATION_LEVEL = 0;
				GCC_PREPROCESSOR_DEFINITIONS = (
					"DEBUG=1",
					"$(inherited)",
				);
				GCC_WARN_64_TO_32_BIT_CONVERSION = YES;
				GCC_WARN_ABOUT_RETURN_TYPE = YES_ERROR;
				GCC_WARN_UNDECLARED_SELECTOR = YES;
				GCC_WARN_UNINITIALIZED_AUTOS = YES_AGGRESSIVE;
				GCC_WARN_UNUSED_FUNCTION = YES;
				GCC_WARN_UNUSED_VARIABLE = YES;
				IPHONEOS_DEPLOYMENT_TARGET = 16.0;
				MTL_ENABLE_DEBUG_INFO = INCLUDE_SOURCE;
				MTL_FAST_MATH = YES;
				ONLY_ACTIVE_ARCH = YES;
				SDKROOT = iphoneos;
				SWIFT_ACTIVE_COMPILATION_CONDITIONS = DEBUG;
				SWIFT_OPTIMIZATION_LEVEL = "-Onone";
			};
			name = Debug;
		};
		D8F693C9293F5ADB0025FEE6 /* Release */ = {
			isa = XCBuildConfiguration;
			buildSettings = {
				ALWAYS_SEARCH_USER_PATHS = NO;
				CLANG_ANALYZER_NONNULL = YES;
				CLANG_ANALYZER_NUMBER_OBJECT_CONVERSION = YES_AGGRESSIVE;
				CLANG_CXX_LANGUAGE_STANDARD = "gnu++20";
				CLANG_ENABLE_MODULES = YES;
				CLANG_ENABLE_OBJC_ARC = YES;
				CLANG_ENABLE_OBJC_WEAK = YES;
				CLANG_WARN_BLOCK_CAPTURE_AUTORELEASING = YES;
				CLANG_WARN_BOOL_CONVERSION = YES;
				CLANG_WARN_COMMA = YES;
				CLANG_WARN_CONSTANT_CONVERSION = YES;
				CLANG_WARN_DEPRECATED_OBJC_IMPLEMENTATIONS = YES;
				CLANG_WARN_DIRECT_OBJC_ISA_USAGE = YES_ERROR;
				CLANG_WARN_DOCUMENTATION_COMMENTS = YES;
				CLANG_WARN_EMPTY_BODY = YES;
				CLANG_WARN_ENUM_CONVERSION = YES;
				CLANG_WARN_INFINITE_RECURSION = YES;
				CLANG_WARN_INT_CONVERSION = YES;
				CLANG_WARN_NON_LITERAL_NULL_CONVERSION = YES;
				CLANG_WARN_OBJC_IMPLICIT_RETAIN_SELF = YES;
				CLANG_WARN_OBJC_LITERAL_CONVERSION = YES;
				CLANG_WARN_OBJC_ROOT_CLASS = YES_ERROR;
				CLANG_WARN_QUOTED_INCLUDE_IN_FRAMEWORK_HEADER = YES;
				CLANG_WARN_RANGE_LOOP_ANALYSIS = YES;
				CLANG_WARN_STRICT_PROTOTYPES = YES;
				CLANG_WARN_SUSPICIOUS_MOVE = YES;
				CLANG_WARN_UNGUARDED_AVAILABILITY = YES_AGGRESSIVE;
				CLANG_WARN_UNREACHABLE_CODE = YES;
				CLANG_WARN__DUPLICATE_METHOD_MATCH = YES;
				COPY_PHASE_STRIP = NO;
				DEBUG_INFORMATION_FORMAT = "dwarf-with-dsym";
				ENABLE_NS_ASSERTIONS = NO;
				ENABLE_STRICT_OBJC_MSGSEND = YES;
				GCC_C_LANGUAGE_STANDARD = gnu11;
				GCC_NO_COMMON_BLOCKS = YES;
				GCC_WARN_64_TO_32_BIT_CONVERSION = YES;
				GCC_WARN_ABOUT_RETURN_TYPE = YES_ERROR;
				GCC_WARN_UNDECLARED_SELECTOR = YES;
				GCC_WARN_UNINITIALIZED_AUTOS = YES_AGGRESSIVE;
				GCC_WARN_UNUSED_FUNCTION = YES;
				GCC_WARN_UNUSED_VARIABLE = YES;
				IPHONEOS_DEPLOYMENT_TARGET = 16.0;
				MTL_ENABLE_DEBUG_INFO = NO;
				MTL_FAST_MATH = YES;
				SDKROOT = iphoneos;
				SWIFT_COMPILATION_MODE = wholemodule;
				SWIFT_OPTIMIZATION_LEVEL = "-O";
				VALIDATE_PRODUCT = YES;
			};
			name = Release;
		};
		D8F693CB293F5ADB0025FEE6 /* Debug */ = {
			isa = XCBuildConfiguration;
			buildSettings = {
				ASSETCATALOG_COMPILER_APPICON_NAME = AppIcon;
				ASSETCATALOG_COMPILER_GLOBAL_ACCENT_COLOR_NAME = AccentColor;
				CODE_SIGN_STYLE = Automatic;
				CURRENT_PROJECT_VERSION = 1;
				DEVELOPMENT_ASSET_PATHS = "\"EcommerceConcept/Preview Content\"";
				DEVELOPMENT_TEAM = W8E6UD5535;
				ENABLE_PREVIEWS = YES;
				GENERATE_INFOPLIST_FILE = YES;
				INFOPLIST_FILE = EcommerceConcept/Info.plist;
				INFOPLIST_KEY_UIApplicationSceneManifest_Generation = YES;
				INFOPLIST_KEY_UIApplicationSupportsIndirectInputEvents = YES;
				INFOPLIST_KEY_UILaunchScreen_Generation = YES;
				INFOPLIST_KEY_UISupportedInterfaceOrientations_iPad = "UIInterfaceOrientationPortrait UIInterfaceOrientationPortraitUpsideDown UIInterfaceOrientationLandscapeLeft UIInterfaceOrientationLandscapeRight";
				INFOPLIST_KEY_UISupportedInterfaceOrientations_iPhone = "UIInterfaceOrientationPortrait UIInterfaceOrientationLandscapeLeft UIInterfaceOrientationLandscapeRight";
				IPHONEOS_DEPLOYMENT_TARGET = 15.0;
				LD_RUNPATH_SEARCH_PATHS = (
					"$(inherited)",
					"@executable_path/Frameworks",
				);
				MARKETING_VERSION = 1.0;
				PRODUCT_BUNDLE_IDENTIFIER = com.aumetov.EcommerceConcept;
				PRODUCT_NAME = "$(TARGET_NAME)";
				SWIFT_EMIT_LOC_STRINGS = YES;
				SWIFT_VERSION = 5.0;
				TARGETED_DEVICE_FAMILY = "1,2";
			};
			name = Debug;
		};
		D8F693CC293F5ADB0025FEE6 /* Release */ = {
			isa = XCBuildConfiguration;
			buildSettings = {
				ASSETCATALOG_COMPILER_APPICON_NAME = AppIcon;
				ASSETCATALOG_COMPILER_GLOBAL_ACCENT_COLOR_NAME = AccentColor;
				CODE_SIGN_STYLE = Automatic;
				CURRENT_PROJECT_VERSION = 1;
				DEVELOPMENT_ASSET_PATHS = "\"EcommerceConcept/Preview Content\"";
				DEVELOPMENT_TEAM = W8E6UD5535;
				ENABLE_PREVIEWS = YES;
				GENERATE_INFOPLIST_FILE = YES;
				INFOPLIST_FILE = EcommerceConcept/Info.plist;
				INFOPLIST_KEY_UIApplicationSceneManifest_Generation = YES;
				INFOPLIST_KEY_UIApplicationSupportsIndirectInputEvents = YES;
				INFOPLIST_KEY_UILaunchScreen_Generation = YES;
				INFOPLIST_KEY_UISupportedInterfaceOrientations_iPad = "UIInterfaceOrientationPortrait UIInterfaceOrientationPortraitUpsideDown UIInterfaceOrientationLandscapeLeft UIInterfaceOrientationLandscapeRight";
				INFOPLIST_KEY_UISupportedInterfaceOrientations_iPhone = "UIInterfaceOrientationPortrait UIInterfaceOrientationLandscapeLeft UIInterfaceOrientationLandscapeRight";
				IPHONEOS_DEPLOYMENT_TARGET = 15.0;
				LD_RUNPATH_SEARCH_PATHS = (
					"$(inherited)",
					"@executable_path/Frameworks",
				);
				MARKETING_VERSION = 1.0;
				PRODUCT_BUNDLE_IDENTIFIER = com.aumetov.EcommerceConcept;
				PRODUCT_NAME = "$(TARGET_NAME)";
				SWIFT_EMIT_LOC_STRINGS = YES;
				SWIFT_VERSION = 5.0;
				TARGETED_DEVICE_FAMILY = "1,2";
			};
			name = Release;
		};
/* End XCBuildConfiguration section */

/* Begin XCConfigurationList section */
		D8F693B7293F5AD70025FEE6 /* Build configuration list for PBXProject "EcommerceConcept" */ = {
			isa = XCConfigurationList;
			buildConfigurations = (
				D8F693C8293F5ADB0025FEE6 /* Debug */,
				D8F693C9293F5ADB0025FEE6 /* Release */,
			);
			defaultConfigurationIsVisible = 0;
			defaultConfigurationName = Release;
		};
		D8F693CA293F5ADB0025FEE6 /* Build configuration list for PBXNativeTarget "EcommerceConcept" */ = {
			isa = XCConfigurationList;
			buildConfigurations = (
				D8F693CB293F5ADB0025FEE6 /* Debug */,
				D8F693CC293F5ADB0025FEE6 /* Release */,
			);
			defaultConfigurationIsVisible = 0;
			defaultConfigurationName = Release;
		};
/* End XCConfigurationList section */
	};
	rootObject = D8F693B4293F5AD70025FEE6 /* Project object */;
}
